
Microsoft Visual Studio Solution File, Format Version 12.00
# Visual Studio Version 17
VisualStudioVersion = 17.3.32929.385
MinimumVisualStudioVersion = 10.0.40219.1
Project("{FAE04EC0-301F-11D3-BF4B-00C04F79EFBC}") = "B181210399", "B181210399\B181210399.csproj", "{A451043D-972A-44A1-B101-A07AF83FD1CD}"
EndProject
Global
	GlobalSection(SolutionConfigurationPlatforms) = preSolution
		Debug|Any CPU = Debug|Any CPU
		Release|Any CPU = Release|Any CPU
	EndGlobalSection
	GlobalSection(ProjectConfigurationPlatforms) = postSolution
		{A451043D-972A-44A1-B101-A07AF83FD1CD}.Debug|Any CPU.ActiveCfg = Debug|Any CPU
		{A451043D-972A-44A1-B101-A07AF83FD1CD}.Debug|Any CPU.Build.0 = Debug|Any CPU
		{A451043D-972A-44A1-B101-A07AF83FD1CD}.Release|Any CPU.ActiveCfg = Release|Any CPU
		{A451043D-972A-44A1-B101-A07AF83FD1CD}.Release|Any CPU.Build.0 = Release|Any CPU
	EndGlobalSection
	GlobalSection(SolutionProperties) = preSolution
		HideSolutionNode = FALSE
	EndGlobalSection
	GlobalSection(ExtensibilityGlobals) = postSolution
		SolutionGuid = {3462D675-ED4A-4D4B-8E5C-BB00510796C9}
	EndGlobalSection
EndGlobal
